{
  "originHash" : "bbb029c4f3f001e780113f480e8c2c5745f5cefeeea063d60932a703943f86ad",
  "pins" : [
    {
      "identity" : "capacitor-swift-pm",
      "kind" : "remoteSourceControl",
      "location" : "https://github.com/ionic-team/capacitor-swift-pm.git",
      "state" : {
        "revision" : "1f324fe7bdbdc8c5cc28bea48a231545a8c2e823",
        "version" : "8.1.0"
      }
    },
    {
      "identity" : "ion-ios-geolocation",
      "kind" : "remoteSourceControl",
      "location" : "https://github.com/ionic-team/ion-ios-geolocation.git",
      "state" : {
        "revision" : "5b722138d4ddc81275e0405acfd812a497519970",
        "version" : "2.0.0"
      }
    },
    {
      "identity" : "sentry-cocoa",
      "kind" : "remoteSourceControl",
      "location" : "https://github.com/getsentry/sentry-cocoa",
      "state" : {
        "revision" : "8a7ae8c0290c83fa0253c5bf8eaf88e49150b6d3",
        "version" : "9.4.1"
      }
    }
  ],
  "version" : 3
}
